// !$*UTF8*$!
{
	archiveVersion = 1;
	classes = {
	};
	objectVersion = 46;
	objects = {

/* Begin PBXBuildFile section */
		814C3ACA1B69877600E307BB /* Main.storyboard in Resources */ = {isa = PBXBuildFile; fileRef = 814C3AC61B69877600E307BB /* Main.storyboard */; };
		814C3ACB1B69877600E307BB /* Images.xcassets in Resources */ = {isa = PBXBuildFile; fileRef = 814C3AC81B69877600E307BB /* Images.xcassets */; };
		81BA814B1A49DA1800E65899 /* AppDelegate.swift in Sources */ = {isa = PBXBuildFile; fileRef = 81BA814A1A49DA1800E65899 /* AppDelegate.swift */; };
		81BA814D1A49DA1800E65899 /* LoginViewController.swift in Sources */ = {isa = PBXBuildFile; fileRef = 81BA814C1A49DA1800E65899 /* LoginViewController.swift */; };
		81BA81701A49DB6800E65899 /* Bolts.framework in Frameworks */ = {isa = PBXBuildFile; fileRef = 81BA816B1A49DB6800E65899 /* Bolts.framework */; };
		81BA81711A49DB6800E65899 /* Parse.framework in Frameworks */ = {isa = PBXBuildFile; fileRef = 81BA816C1A49DB6800E65899 /* Parse.framework */; };
		81BA81771A49E0D500E65899 /* libsqlite3.dylib in Frameworks */ = {isa = PBXBuildFile; fileRef = 81BA81761A49E0D500E65899 /* libsqlite3.dylib */; };
		81BA81791A49E0DB00E65899 /* AudioToolbox.framework in Frameworks */ = {isa = PBXBuildFile; fileRef = 81BA81781A49E0DB00E65899 /* AudioToolbox.framework */; };
		81BA817B1A49E0E500E65899 /* SystemConfiguration.framework in Frameworks */ = {isa = PBXBuildFile; fileRef = 81BA817A1A49E0E500E65899 /* SystemConfiguration.framework */; };
		81BA817F1A49E0F000E65899 /* libstdc++.6.dylib in Frameworks */ = {isa = PBXBuildFile; fileRef = 81BA817E1A49E0F000E65899 /* libstdc++.6.dylib */; };
		D50C24F81EC52F2700CC4F94 /* ComentsViewController.swift in Sources */ = {isa = PBXBuildFile; fileRef = D50C24F71EC52F2700CC4F94 /* ComentsViewController.swift */; };
		D50D08241EB7867700F6162F /* FeedViewController.swift in Sources */ = {isa = PBXBuildFile; fileRef = D50D08231EB7867700F6162F /* FeedViewController.swift */; };
		D50D08261EB793C600F6162F /* FriendsViewController.swift in Sources */ = {isa = PBXBuildFile; fileRef = D50D08251EB793C600F6162F /* FriendsViewController.swift */; };
		D50D08281EB794C800F6162F /* DiscoverViewController.swift in Sources */ = {isa = PBXBuildFile; fileRef = D50D08271EB794C800F6162F /* DiscoverViewController.swift */; };
		D5175E5C1EC3B575007C7A12 /* UserLocationViewController.swift in Sources */ = {isa = PBXBuildFile; fileRef = D5175E5B1EC3B575007C7A12 /* UserLocationViewController.swift */; };
		D523FBEE1EB7E8E900AD2240 /* TinderViewController.swift in Sources */ = {isa = PBXBuildFile; fileRef = D523FBED1EB7E8E900AD2240 /* TinderViewController.swift */; };
		D523FBF01EB7E90E00AD2240 /* PerfilViewController.swift in Sources */ = {isa = PBXBuildFile; fileRef = D523FBEF1EB7E90E00AD2240 /* PerfilViewController.swift */; };
		D523FBF21EB7E96800AD2240 /* NotificationsViewController.swift in Sources */ = {isa = PBXBuildFile; fileRef = D523FBF11EB7E96800AD2240 /* NotificationsViewController.swift */; };
		D523FBF41EB7FC6500AD2240 /* User.swift in Sources */ = {isa = PBXBuildFile; fileRef = D523FBF31EB7FC6500AD2240 /* User.swift */; };
		D52A881D1EBAAC9C008A595B /* FeedTableViewCell.swift in Sources */ = {isa = PBXBuildFile; fileRef = D52A881C1EBAAC9C008A595B /* FeedTableViewCell.swift */; };
		D52A881F1EBAC908008A595B /* Post.swift in Sources */ = {isa = PBXBuildFile; fileRef = D52A881E1EBAC908008A595B /* Post.swift */; };
		D5561E961EBBFF57007B507E /* UserFactory.swift in Sources */ = {isa = PBXBuildFile; fileRef = D5561E951EBBFF57007B507E /* UserFactory.swift */; };
		D566CE671EB9627F0002D5F3 /* PostViewController.swift in Sources */ = {isa = PBXBuildFile; fileRef = D566CE661EB9627F0002D5F3 /* PostViewController.swift */; };
		D56F40491EB2D95400859834 /* LaunchScreen.storyboard in Resources */ = {isa = PBXBuildFile; fileRef = D56F40481EB2D95400859834 /* LaunchScreen.storyboard */; };
		D570161D1EB77EB200217E9E /* SWRevealViewController.m in Sources */ = {isa = PBXBuildFile; fileRef = D570161C1EB77EB200217E9E /* SWRevealViewController.m */; };
		D59212C21EBD41120093F4BF /* DatePickerViewController.swift in Sources */ = {isa = PBXBuildFile; fileRef = D59212C11EBD41120093F4BF /* DatePickerViewController.swift */; };
		D5CC04251EC0E69900655B49 /* UserTableViewCell.swift in Sources */ = {isa = PBXBuildFile; fileRef = D5CC04241EC0E69900655B49 /* UserTableViewCell.swift */; };
		D5CC04271EC1220D00655B49 /* PublicProfileViewController.swift in Sources */ = {isa = PBXBuildFile; fileRef = D5CC04261EC1220D00655B49 /* PublicProfileViewController.swift */; };
		D5FC91021EC77A7C005E744C /* ComentsTableViewCell.swift in Sources */ = {isa = PBXBuildFile; fileRef = D5FC91011EC77A7C005E744C /* ComentsTableViewCell.swift */; };
		D5FC91041EC7A362005E744C /* Coments.swift in Sources */ = {isa = PBXBuildFile; fileRef = D5FC91031EC7A362005E744C /* Coments.swift */; };
/* End PBXBuildFile section */

/* Begin PBXFileReference section */
		814C3AC71B69877600E307BB /* Base */ = {isa = PBXFileReference; lastKnownFileType = file.storyboard; name = Base; path = Base.lproj/Main.storyboard; sourceTree = "<group>"; };
		814C3AC81B69877600E307BB /* Images.xcassets */ = {isa = PBXFileReference; lastKnownFileType = folder.assetcatalog; path = Images.xcassets; sourceTree = "<group>"; };
		814C3AC91B69877600E307BB /* Info.plist */ = {isa = PBXFileReference; fileEncoding = 4; lastKnownFileType = text.plist.xml; path = Info.plist; sourceTree = "<group>"; };
		81BA81451A49DA1800E65899 /* PetWorldMap.app */ = {isa = PBXFileReference; explicitFileType = wrapper.application; includeInIndex = 0; path = PetWorldMap.app; sourceTree = BUILT_PRODUCTS_DIR; };
		81BA814A1A49DA1800E65899 /* AppDelegate.swift */ = {isa = PBXFileReference; lastKnownFileType = sourcecode.swift; path = AppDelegate.swift; sourceTree = "<group>"; };
		81BA814C1A49DA1800E65899 /* LoginViewController.swift */ = {isa = PBXFileReference; lastKnownFileType = sourcecode.swift; path = LoginViewController.swift; sourceTree = "<group>"; };
		81BA816B1A49DB6800E65899 /* Bolts.framework */ = {isa = PBXFileReference; lastKnownFileType = wrapper.framework; path = Bolts.framework; sourceTree = "<group>"; };
		81BA816C1A49DB6800E65899 /* Parse.framework */ = {isa = PBXFileReference; lastKnownFileType = wrapper.framework; path = Parse.framework; sourceTree = "<group>"; };
		81BA816E1A49DB6800E65899 /* ParseFacebookUtils.framework */ = {isa = PBXFileReference; lastKnownFileType = wrapper.framework; path = ParseFacebookUtils.framework; sourceTree = "<group>"; };
		81BA81761A49E0D500E65899 /* libsqlite3.dylib */ = {isa = PBXFileReference; lastKnownFileType = "compiled.mach-o.dylib"; name = libsqlite3.dylib; path = usr/lib/libsqlite3.dylib; sourceTree = SDKROOT; };
		81BA81781A49E0DB00E65899 /* AudioToolbox.framework */ = {isa = PBXFileReference; lastKnownFileType = wrapper.framework; name = AudioToolbox.framework; path = System/Library/Frameworks/AudioToolbox.framework; sourceTree = SDKROOT; };
		81BA817A1A49E0E500E65899 /* SystemConfiguration.framework */ = {isa = PBXFileReference; lastKnownFileType = wrapper.framework; name = SystemConfiguration.framework; path = System/Library/Frameworks/SystemConfiguration.framework; sourceTree = SDKROOT; };
		81BA817E1A49E0F000E65899 /* libstdc++.6.dylib */ = {isa = PBXFileReference; lastKnownFileType = "compiled.mach-o.dylib"; name = "libstdc++.6.dylib"; path = "usr/lib/libstdc++.6.dylib"; sourceTree = SDKROOT; };
		81BA81801A49E10C00E65899 /* ParseUI.framework */ = {isa = PBXFileReference; lastKnownFileType = wrapper.framework; path = ParseUI.framework; sourceTree = "<group>"; };
		D50C24F71EC52F2700CC4F94 /* ComentsViewController.swift */ = {isa = PBXFileReference; fileEncoding = 4; lastKnownFileType = sourcecode.swift; path = ComentsViewController.swift; sourceTree = "<group>"; };
		D50D08201EB7827C00F6162F /* PetWorldMap-Bridging-header.h */ = {isa = PBXFileReference; fileEncoding = 4; lastKnownFileType = sourcecode.c.h; path = "PetWorldMap-Bridging-header.h"; sourceTree = "<group>"; };
		D50D08231EB7867700F6162F /* FeedViewController.swift */ = {isa = PBXFileReference; fileEncoding = 4; lastKnownFileType = sourcecode.swift; path = FeedViewController.swift; sourceTree = "<group>"; };
		D50D08251EB793C600F6162F /* FriendsViewController.swift */ = {isa = PBXFileReference; fileEncoding = 4; lastKnownFileType = sourcecode.swift; path = FriendsViewController.swift; sourceTree = "<group>"; };
		D50D08271EB794C800F6162F /* DiscoverViewController.swift */ = {isa = PBXFileReference; fileEncoding = 4; lastKnownFileType = sourcecode.swift; path = DiscoverViewController.swift; sourceTree = "<group>"; };
		D5175E5B1EC3B575007C7A12 /* UserLocationViewController.swift */ = {isa = PBXFileReference; fileEncoding = 4; lastKnownFileType = sourcecode.swift; path = UserLocationViewController.swift; sourceTree = "<group>"; };
		D523FBED1EB7E8E900AD2240 /* TinderViewController.swift */ = {isa = PBXFileReference; fileEncoding = 4; lastKnownFileType = sourcecode.swift; path = TinderViewController.swift; sourceTree = "<group>"; };
		D523FBEF1EB7E90E00AD2240 /* PerfilViewController.swift */ = {isa = PBXFileReference; fileEncoding = 4; lastKnownFileType = sourcecode.swift; path = PerfilViewController.swift; sourceTree = "<group>"; };
		D523FBF11EB7E96800AD2240 /* NotificationsViewController.swift */ = {isa = PBXFileReference; fileEncoding = 4; lastKnownFileType = sourcecode.swift; path = NotificationsViewController.swift; sourceTree = "<group>"; };
		D523FBF31EB7FC6500AD2240 /* User.swift */ = {isa = PBXFileReference; fileEncoding = 4; lastKnownFileType = sourcecode.swift; path = User.swift; sourceTree = "<group>"; };
		D52A881C1EBAAC9C008A595B /* FeedTableViewCell.swift */ = {isa = PBXFileReference; fileEncoding = 4; lastKnownFileType = sourcecode.swift; path = FeedTableViewCell.swift; sourceTree = "<group>"; };
		D52A881E1EBAC908008A595B /* Post.swift */ = {isa = PBXFileReference; fileEncoding = 4; lastKnownFileType = sourcecode.swift; path = Post.swift; sourceTree = "<group>"; };
		D5561E951EBBFF57007B507E /* UserFactory.swift */ = {isa = PBXFileReference; fileEncoding = 4; lastKnownFileType = sourcecode.swift; path = UserFactory.swift; sourceTree = "<group>"; };
		D566CE661EB9627F0002D5F3 /* PostViewController.swift */ = {isa = PBXFileReference; fileEncoding = 4; lastKnownFileType = sourcecode.swift; path = PostViewController.swift; sourceTree = "<group>"; };
		D56F40481EB2D95400859834 /* LaunchScreen.storyboard */ = {isa = PBXFileReference; fileEncoding = 4; lastKnownFileType = file.storyboard; path = LaunchScreen.storyboard; sourceTree = "<group>"; };
		D570161B1EB77EB200217E9E /* SWRevealViewController.h */ = {isa = PBXFileReference; fileEncoding = 4; lastKnownFileType = sourcecode.c.h; path = SWRevealViewController.h; sourceTree = "<group>"; };
		D570161C1EB77EB200217E9E /* SWRevealViewController.m */ = {isa = PBXFileReference; fileEncoding = 4; lastKnownFileType = sourcecode.c.objc; path = SWRevealViewController.m; sourceTree = "<group>"; };
		D59212C11EBD41120093F4BF /* DatePickerViewController.swift */ = {isa = PBXFileReference; fileEncoding = 4; lastKnownFileType = sourcecode.swift; path = DatePickerViewController.swift; sourceTree = "<group>"; };
		D5CC04241EC0E69900655B49 /* UserTableViewCell.swift */ = {isa = PBXFileReference; fileEncoding = 4; lastKnownFileType = sourcecode.swift; path = UserTableViewCell.swift; sourceTree = "<group>"; };
		D5CC04261EC1220D00655B49 /* PublicProfileViewController.swift */ = {isa = PBXFileReference; fileEncoding = 4; lastKnownFileType = sourcecode.swift; path = PublicProfileViewController.swift; sourceTree = "<group>"; };
		D5FC91011EC77A7C005E744C /* ComentsTableViewCell.swift */ = {isa = PBXFileReference; fileEncoding = 4; lastKnownFileType = sourcecode.swift; path = ComentsTableViewCell.swift; sourceTree = "<group>"; };
		D5FC91031EC7A362005E744C /* Coments.swift */ = {isa = PBXFileReference; fileEncoding = 4; lastKnownFileType = sourcecode.swift; path = Coments.swift; sourceTree = "<group>"; };
/* End PBXFileReference section */

/* Begin PBXFrameworksBuildPhase section */
		81BA81421A49DA1800E65899 /* Frameworks */ = {
			isa = PBXFrameworksBuildPhase;
			buildActionMask = 2147483647;
			files = (
				81BA817F1A49E0F000E65899 /* libstdc++.6.dylib in Frameworks */,
				81BA817B1A49E0E500E65899 /* SystemConfiguration.framework in Frameworks */,
				81BA81791A49E0DB00E65899 /* AudioToolbox.framework in Frameworks */,
				81BA81771A49E0D500E65899 /* libsqlite3.dylib in Frameworks */,
				81BA81711A49DB6800E65899 /* Parse.framework in Frameworks */,
				81BA81701A49DB6800E65899 /* Bolts.framework in Frameworks */,
			);
			runOnlyForDeploymentPostprocessing = 0;
		};
/* End PBXFrameworksBuildPhase section */

/* Begin PBXGroup section */
		814C3AC51B69877600E307BB /* Resources */ = {
			isa = PBXGroup;
			children = (
				814C3AC81B69877600E307BB /* Images.xcassets */,
				814C3AC91B69877600E307BB /* Info.plist */,
				D56F40481EB2D95400859834 /* LaunchScreen.storyboard */,
			);
			path = Resources;
			sourceTree = "<group>";
		};
		81BA813C1A49DA1800E65899 = {
			isa = PBXGroup;
			children = (
				D50D08201EB7827C00F6162F /* PetWorldMap-Bridging-header.h */,
				D570161A1EB77EB200217E9E /* SWRevealViewController */,
				81BA81471A49DA1800E65899 /* ParseStarterProject */,
				814C3AC51B69877600E307BB /* Resources */,
				81BA816A1A49DB5600E65899 /* Frameworks */,
				81BA81461A49DA1800E65899 /* Products */,
			);
			sourceTree = "<group>";
		};
		81BA81461A49DA1800E65899 /* Products */ = {
			isa = PBXGroup;
			children = (
				81BA81451A49DA1800E65899 /* PetWorldMap.app */,
			);
			name = Products;
			sourceTree = "<group>";
		};
		81BA81471A49DA1800E65899 /* ParseStarterProject */ = {
			isa = PBXGroup;
			children = (
				81BA814A1A49DA1800E65899 /* AppDelegate.swift */,
				D52A88211EBACC3B008A595B /* Controlers */,
				D52A88221EBACC44008A595B /* View */,
				D52A88201EBACC15008A595B /* Model */,
			);
			path = ParseStarterProject;
			sourceTree = "<group>";
		};
		81BA816A1A49DB5600E65899 /* Frameworks */ = {
			isa = PBXGroup;
			children = (
				81BA816B1A49DB6800E65899 /* Bolts.framework */,
				81BA816C1A49DB6800E65899 /* Parse.framework */,
				81BA816E1A49DB6800E65899 /* ParseFacebookUtils.framework */,
				81BA81801A49E10C00E65899 /* ParseUI.framework */,
				81BA81751A49E0C500E65899 /* System Frameworks */,
			);
			name = Frameworks;
			sourceTree = "<group>";
		};
		81BA81751A49E0C500E65899 /* System Frameworks */ = {
			isa = PBXGroup;
			children = (
				81BA817E1A49E0F000E65899 /* libstdc++.6.dylib */,
				81BA817A1A49E0E500E65899 /* SystemConfiguration.framework */,
				81BA81781A49E0DB00E65899 /* AudioToolbox.framework */,
				81BA81761A49E0D500E65899 /* libsqlite3.dylib */,
			);
			name = "System Frameworks";
			sourceTree = "<group>";
		};
		D52A88201EBACC15008A595B /* Model */ = {
			isa = PBXGroup;
			children = (
				D523FBF31EB7FC6500AD2240 /* User.swift */,
				D52A881E1EBAC908008A595B /* Post.swift */,
				D5FC91031EC7A362005E744C /* Coments.swift */,
			);
			name = Model;
			sourceTree = "<group>";
		};
		D52A88211EBACC3B008A595B /* Controlers */ = {
			isa = PBXGroup;
			children = (
				81BA814C1A49DA1800E65899 /* LoginViewController.swift */,
				D50D08231EB7867700F6162F /* FeedViewController.swift */,
				D50D08251EB793C600F6162F /* FriendsViewController.swift */,
				D50D08271EB794C800F6162F /* DiscoverViewController.swift */,
				D523FBED1EB7E8E900AD2240 /* TinderViewController.swift */,
				D523FBEF1EB7E90E00AD2240 /* PerfilViewController.swift */,
				D523FBF11EB7E96800AD2240 /* NotificationsViewController.swift */,
				D566CE661EB9627F0002D5F3 /* PostViewController.swift */,
				D52A881C1EBAAC9C008A595B /* FeedTableViewCell.swift */,
				D5561E951EBBFF57007B507E /* UserFactory.swift */,
				D59212C11EBD41120093F4BF /* DatePickerViewController.swift */,
				D5CC04241EC0E69900655B49 /* UserTableViewCell.swift */,
				D5CC04261EC1220D00655B49 /* PublicProfileViewController.swift */,
				D5175E5B1EC3B575007C7A12 /* UserLocationViewController.swift */,
				D50C24F71EC52F2700CC4F94 /* ComentsViewController.swift */,
				D5FC91011EC77A7C005E744C /* ComentsTableViewCell.swift */,
			);
			name = Controlers;
			sourceTree = "<group>";
		};
		D52A88221EBACC44008A595B /* View */ = {
			isa = PBXGroup;
			children = (
				814C3AC61B69877600E307BB /* Main.storyboard */,
			);
			name = View;
			sourceTree = "<group>";
		};
		D570161A1EB77EB200217E9E /* SWRevealViewController */ = {
			isa = PBXGroup;
			children = (
				D570161B1EB77EB200217E9E /* SWRevealViewController.h */,
				D570161C1EB77EB200217E9E /* SWRevealViewController.m */,
			);
			path = SWRevealViewController;
			sourceTree = "<group>";
		};
/* End PBXGroup section */

/* Begin PBXNativeTarget section */
		81BA81441A49DA1800E65899 /* PetWorldMap */ = {
			isa = PBXNativeTarget;
			buildConfigurationList = 81BA81641A49DA1800E65899 /* Build configuration list for PBXNativeTarget "PetWorldMap" */;
			buildPhases = (
				81BA81411A49DA1800E65899 /* Sources */,
				81BA81421A49DA1800E65899 /* Frameworks */,
				81BA81431A49DA1800E65899 /* Resources */,
			);
			buildRules = (
			);
			dependencies = (
			);
			name = PetWorldMap;
			productName = ParseStarterProject;
			productReference = 81BA81451A49DA1800E65899 /* PetWorldMap.app */;
			productType = "com.apple.product-type.application";
		};
/* End PBXNativeTarget section */

/* Begin PBXProject section */
		81BA813D1A49DA1800E65899 /* Project object */ = {
			isa = PBXProject;
			attributes = {
				LastSwiftUpdateCheck = 0700;
				LastUpgradeCheck = 0830;
				ORGANIZATIONNAME = Parse;
				TargetAttributes = {
					81BA81441A49DA1800E65899 = {
						CreatedOnToolsVersion = 6.1.1;
						DevelopmentTeam = 5355TA2ZTC;
						LastSwiftMigration = 0800;
					};
				};
			};
			buildConfigurationList = 81BA81401A49DA1800E65899 /* Build configuration list for PBXProject "PetWorldMap" */;
			compatibilityVersion = "Xcode 3.2";
			developmentRegion = English;
			hasScannedForEncodings = 0;
			knownRegions = (
				en,
				Base,
			);
			mainGroup = 81BA813C1A49DA1800E65899;
			productRefGroup = 81BA81461A49DA1800E65899 /* Products */;
			projectDirPath = "";
			projectRoot = "";
			targets = (
				81BA81441A49DA1800E65899 /* PetWorldMap */,
			);
		};
/* End PBXProject section */

/* Begin PBXResourcesBuildPhase section */
		81BA81431A49DA1800E65899 /* Resources */ = {
			isa = PBXResourcesBuildPhase;
			buildActionMask = 2147483647;
			files = (
				D56F40491EB2D95400859834 /* LaunchScreen.storyboard in Resources */,
				814C3ACA1B69877600E307BB /* Main.storyboard in Resources */,
				814C3ACB1B69877600E307BB /* Images.xcassets in Resources */,
			);
			runOnlyForDeploymentPostprocessing = 0;
		};
/* End PBXResourcesBuildPhase section */

/* Begin PBXSourcesBuildPhase section */
		81BA81411A49DA1800E65899 /* Sources */ = {
			isa = PBXSourcesBuildPhase;
			buildActionMask = 2147483647;
			files = (
				D523FBF21EB7E96800AD2240 /* NotificationsViewController.swift in Sources */,
				D52A881D1EBAAC9C008A595B /* FeedTableViewCell.swift in Sources */,
				D50C24F81EC52F2700CC4F94 /* ComentsViewController.swift in Sources */,
				D5175E5C1EC3B575007C7A12 /* UserLocationViewController.swift in Sources */,
				81BA814D1A49DA1800E65899 /* LoginViewController.swift in Sources */,
				D50D08261EB793C600F6162F /* FriendsViewController.swift in Sources */,
				D5CC04251EC0E69900655B49 /* UserTableViewCell.swift in Sources */,
				D52A881F1EBAC908008A595B /* Post.swift in Sources */,
				81BA814B1A49DA1800E65899 /* AppDelegate.swift in Sources */,
				D50D08281EB794C800F6162F /* DiscoverViewController.swift in Sources */,
				D50D08241EB7867700F6162F /* FeedViewController.swift in Sources */,
				D570161D1EB77EB200217E9E /* SWRevealViewController.m in Sources */,
				D5FC91041EC7A362005E744C /* Coments.swift in Sources */,
				D5561E961EBBFF57007B507E /* UserFactory.swift in Sources */,
				D5FC91021EC77A7C005E744C /* ComentsTableViewCell.swift in Sources */,
				D523FBF01EB7E90E00AD2240 /* PerfilViewController.swift in Sources */,
				D59212C21EBD41120093F4BF /* DatePickerViewController.swift in Sources */,
				D523FBF41EB7FC6500AD2240 /* User.swift in Sources */,
				D523FBEE1EB7E8E900AD2240 /* TinderViewController.swift in Sources */,
				D566CE671EB9627F0002D5F3 /* PostViewController.swift in Sources */,
				D5CC04271EC1220D00655B49 /* PublicProfileViewController.swift in Sources */,
			);
			runOnlyForDeploymentPostprocessing = 0;
		};
/* End PBXSourcesBuildPhase section */

/* Begin PBXVariantGroup section */
		814C3AC61B69877600E307BB /* Main.storyboard */ = {
			isa = PBXVariantGroup;
			children = (
				814C3AC71B69877600E307BB /* Base */,
			);
			name = Main.storyboard;
			path = ../Resources;
			sourceTree = "<group>";
		};
/* End PBXVariantGroup section */

/* Begin XCBuildConfiguration section */
		81BA81621A49DA1800E65899 /* Debug */ = {
			isa = XCBuildConfiguration;
			buildSettings = {
				ALWAYS_SEARCH_USER_PATHS = NO;
				CLANG_CXX_LANGUAGE_STANDARD = "gnu++0x";
				CLANG_CXX_LIBRARY = "libc++";
				CLANG_ENABLE_MODULES = YES;
				CLANG_ENABLE_OBJC_ARC = YES;
				CLANG_WARN_BOOL_CONVERSION = YES;
				CLANG_WARN_CONSTANT_CONVERSION = YES;
				CLANG_WARN_DIRECT_OBJC_ISA_USAGE = YES_ERROR;
				CLANG_WARN_EMPTY_BODY = YES;
				CLANG_WARN_ENUM_CONVERSION = YES;
				CLANG_WARN_INFINITE_RECURSION = YES;
				CLANG_WARN_INT_CONVERSION = YES;
				CLANG_WARN_OBJC_ROOT_CLASS = YES_ERROR;
				CLANG_WARN_SUSPICIOUS_MOVE = YES;
				CLANG_WARN_UNREACHABLE_CODE = YES;
				CLANG_WARN__DUPLICATE_METHOD_MATCH = YES;
				"CODE_SIGN_IDENTITY[sdk=iphoneos*]" = "iPhone Developer";
				COPY_PHASE_STRIP = NO;
				ENABLE_STRICT_OBJC_MSGSEND = YES;
				ENABLE_TESTABILITY = YES;
				GCC_C_LANGUAGE_STANDARD = gnu99;
				GCC_DYNAMIC_NO_PIC = NO;
				GCC_NO_COMMON_BLOCKS = YES;
				GCC_OPTIMIZATION_LEVEL = 0;
				GCC_PREPROCESSOR_DEFINITIONS = (
					"DEBUG=1",
					"$(inherited)",
				);
				GCC_SYMBOLS_PRIVATE_EXTERN = NO;
				GCC_WARN_64_TO_32_BIT_CONVERSION = YES;
				GCC_WARN_ABOUT_RETURN_TYPE = YES_ERROR;
				GCC_WARN_UNDECLARED_SELECTOR = YES;
				GCC_WARN_UNINITIALIZED_AUTOS = YES_AGGRESSIVE;
				GCC_WARN_UNUSED_FUNCTION = YES;
				GCC_WARN_UNUSED_VARIABLE = YES;
				IPHONEOS_DEPLOYMENT_TARGET = 8.0;
				MTL_ENABLE_DEBUG_INFO = YES;
				ONLY_ACTIVE_ARCH = YES;
				SDKROOT = iphoneos;
				SWIFT_OBJC_BRIDGING_HEADER = "PetWorldMap-Bridging-header.h";
				SWIFT_OPTIMIZATION_LEVEL = "-Onone";
				TARGETED_DEVICE_FAMILY = "1,2";
			};
			name = Debug;
		};
		81BA81631A49DA1800E65899 /* Release */ = {
			isa = XCBuildConfiguration;
			buildSettings = {
				ALWAYS_SEARCH_USER_PATHS = NO;
				CLANG_CXX_LANGUAGE_STANDARD = "gnu++0x";
				CLANG_CXX_LIBRARY = "libc++";
				CLANG_ENABLE_MODULES = YES;
				CLANG_ENABLE_OBJC_ARC = YES;
				CLANG_WARN_BOOL_CONVERSION = YES;
				CLANG_WARN_CONSTANT_CONVERSION = YES;
				CLANG_WARN_DIRECT_OBJC_ISA_USAGE = YES_ERROR;
				CLANG_WARN_EMPTY_BODY = YES;
				CLANG_WARN_ENUM_CONVERSION = YES;
				CLANG_WARN_INFINITE_RECURSION = YES;
				CLANG_WARN_INT_CONVERSION = YES;
				CLANG_WARN_OBJC_ROOT_CLASS = YES_ERROR;
				CLANG_WARN_SUSPICIOUS_MOVE = YES;
				CLANG_WARN_UNREACHABLE_CODE = YES;
				CLANG_WARN__DUPLICATE_METHOD_MATCH = YES;
				"CODE_SIGN_IDENTITY[sdk=iphoneos*]" = "iPhone Developer";
				COPY_PHASE_STRIP = YES;
				ENABLE_NS_ASSERTIONS = NO;
				ENABLE_STRICT_OBJC_MSGSEND = YES;
				GCC_C_LANGUAGE_STANDARD = gnu99;
				GCC_NO_COMMON_BLOCKS = YES;
				GCC_WARN_64_TO_32_BIT_CONVERSION = YES;
				GCC_WARN_ABOUT_RETURN_TYPE = YES_ERROR;
				GCC_WARN_UNDECLARED_SELECTOR = YES;
				GCC_WARN_UNINITIALIZED_AUTOS = YES_AGGRESSIVE;
				GCC_WARN_UNUSED_FUNCTION = YES;
				GCC_WARN_UNUSED_VARIABLE = YES;
				IPHONEOS_DEPLOYMENT_TARGET = 8.0;
				MTL_ENABLE_DEBUG_INFO = NO;
				SDKROOT = iphoneos;
				SWIFT_OBJC_BRIDGING_HEADER = "PetWorldMap-Bridging-header.h";
				TARGETED_DEVICE_FAMILY = "1,2";
				VALIDATE_PRODUCT = YES;
			};
			name = Release;
		};
		81BA81651A49DA1800E65899 /* Debug */ = {
			isa = XCBuildConfiguration;
			buildSettings = {
				ASSETCATALOG_COMPILER_APPICON_NAME = AppIcon;
				ASSETCATALOG_COMPILER_LAUNCHIMAGE_NAME = LaunchImage;
				DEVELOPMENT_TEAM = 5355TA2ZTC;
				FRAMEWORK_SEARCH_PATHS = (
					"$(inherited)",
					"$(PROJECT_DIR)",
				);
				INFOPLIST_FILE = Resources/Info.plist;
				IPHONEOS_DEPLOYMENT_TARGET = 10.3;
				LD_RUNPATH_SEARCH_PATHS = "$(inherited) @executable_path/Frameworks";
				PRODUCT_BUNDLE_IDENTIFIER = com.mauriciofigueroa.PetWorldMap;
				PRODUCT_NAME = PetWorldMap;
				SWIFT_OBJC_BRIDGING_HEADER = "PetWorldMap-Bridging-header.h";
				SWIFT_VERSION = 3.0;
			};
			name = Debug;
		};
		81BA81661A49DA1800E65899 /* Release */ = {
			isa = XCBuildConfiguration;
			buildSettings = {
				ASSETCATALOG_COMPILER_APPICON_NAME = AppIcon;
				ASSETCATALOG_COMPILER_LAUNCHIMAGE_NAME = LaunchImage;
				DEVELOPMENT_TEAM = 5355TA2ZTC;
				FRAMEWORK_SEARCH_PATHS = (
					"$(inherited)",
					"$(PROJECT_DIR)",
				);
				INFOPLIST_FILE = Resources/Info.plist;
				IPHONEOS_DEPLOYMENT_TARGET = 10.3;
				LD_RUNPATH_SEARCH_PATHS = "$(inherited) @executable_path/Frameworks";
				PRODUCT_BUNDLE_IDENTIFIER = com.mauriciofigueroa.PetWorldMap;
				PRODUCT_NAME = PetWorldMap;
				SWIFT_OBJC_BRIDGING_HEADER = "PetWorldMap-Bridging-header.h";
				SWIFT_OPTIMIZATION_LEVEL = "-Owholemodule";
				SWIFT_VERSION = 3.0;
			};
			name = Release;
		};
/* End XCBuildConfiguration section */

/* Begin XCConfigurationList section */
		81BA81401A49DA1800E65899 /* Build configuration list for PBXProject "PetWorldMap" */ = {
			isa = XCConfigurationList;
			buildConfigurations = (
				81BA81621A49DA1800E65899 /* Debug */,
				81BA81631A49DA1800E65899 /* Release */,
			);
			defaultConfigurationIsVisible = 0;
			defaultConfigurationName = Release;
		};
		81BA81641A49DA1800E65899 /* Build configuration list for PBXNativeTarget "PetWorldMap" */ = {
			isa = XCConfigurationList;
			buildConfigurations = (
				81BA81651A49DA1800E65899 /* Debug */,
				81BA81661A49DA1800E65899 /* Release */,
			);
			defaultConfigurationIsVisible = 0;
			defaultConfigurationName = Release;
		};
/* End XCConfigurationList section */
	};
	rootObject = 81BA813D1A49DA1800E65899 /* Project object */;
}
